// !$*UTF8*$!
{
	archiveVersion = 1;
	classes = {
	};
	objectVersion = 46;
	objects = {

/* Begin PBXBuildFile section */
		8B3B7C0F1369774400F7CC5B /* UnixImageIO.framework in Frameworks */ = {isa = PBXBuildFile; fileRef = 8B3B7C0E1369774400F7CC5B /* UnixImageIO.framework */; };
		8BD8E1C413695E660072EA08 /* main.cpp in Sources */ = {isa = PBXBuildFile; fileRef = 8BD8E1C313695E660072EA08 /* main.cpp */; };
		8BD8E295136963460072EA08 /* io_png.cpp in Sources */ = {isa = PBXBuildFile; fileRef = 8BD8E292136963460072EA08 /* io_png.cpp */; };
		8BD8E29913696C2B0072EA08 /* io_tiff.cpp in Sources */ = {isa = PBXBuildFile; fileRef = 8BD8E29713696C2B0072EA08 /* io_tiff.cpp */; };
/* End PBXBuildFile section */

/* Begin PBXCopyFilesBuildPhase section */
		8BD8E1BD13695E660072EA08 /* CopyFiles */ = {
			isa = PBXCopyFilesBuildPhase;
			buildActionMask = 2147483647;
			dstPath = /usr/share/man/man1/;
			dstSubfolderSpec = 0;
			files = (
			);
			runOnlyForDeploymentPostprocessing = 1;
		};
/* End PBXCopyFilesBuildPhase section */

/* Begin PBXFileReference section */
		8B3B7C0E1369774400F7CC5B /* UnixImageIO.framework */ = {isa = PBXFileReference; lastKnownFileType = wrapper.framework; name = UnixImageIO.framework; path = Library/Frameworks/UnixImageIO.framework; sourceTree = SDKROOT; };
		8BD8E1BF13695E660072EA08 /* ReadTifIntensity */ = {isa = PBXFileReference; explicitFileType = "compiled.mach-o.executable"; includeInIndex = 0; path = ReadTifIntensity; sourceTree = BUILT_PRODUCTS_DIR; };
		8BD8E1C313695E660072EA08 /* main.cpp */ = {isa = PBXFileReference; lastKnownFileType = sourcecode.cpp.cpp; path = main.cpp; sourceTree = "<group>"; };
		8BD8E1C513695E660072EA08 /* ReadTifIntensity.1 */ = {isa = PBXFileReference; lastKnownFileType = text.man; path = ReadTifIntensity.1; sourceTree = "<group>"; };
		8BD8E292136963460072EA08 /* io_png.cpp */ = {isa = PBXFileReference; fileEncoding = 4; lastKnownFileType = sourcecode.cpp.cpp; name = io_png.cpp; path = ../io_png.cpp; sourceTree = "<group>"; };
		8BD8E293136963460072EA08 /* io_png.h */ = {isa = PBXFileReference; fileEncoding = 4; lastKnownFileType = sourcecode.c.h; name = io_png.h; path = ../io_png.h; sourceTree = "<group>"; };
		8BD8E29713696C2B0072EA08 /* io_tiff.cpp */ = {isa = PBXFileReference; fileEncoding = 4; lastKnownFileType = sourcecode.cpp.cpp; path = io_tiff.cpp; sourceTree = "<group>"; };
		8BD8E29813696C2B0072EA08 /* io_tiff.h */ = {isa = PBXFileReference; fileEncoding = 4; lastKnownFileType = sourcecode.c.h; path = io_tiff.h; sourceTree = "<group>"; };
/* End PBXFileReference section */

/* Begin PBXFrameworksBuildPhase section */
		8BD8E1BC13695E660072EA08 /* Frameworks */ = {
			isa = PBXFrameworksBuildPhase;
			buildActionMask = 2147483647;
			files = (
				8B3B7C0F1369774400F7CC5B /* UnixImageIO.framework in Frameworks */,
			);
			runOnlyForDeploymentPostprocessing = 0;
		};
/* End PBXFrameworksBuildPhase section */

/* Begin PBXGroup section */
		8BD8E1B413695E660072EA08 = {
			isa = PBXGroup;
			children = (
				8B3B7C0E1369774400F7CC5B /* UnixImageIO.framework */,
				8BD8E1C213695E660072EA08 /* ReadTifIntensity */,
				8BD8E1C013695E660072EA08 /* Products */,
			);
			sourceTree = "<group>";
		};
		8BD8E1C013695E660072EA08 /* Products */ = {
			isa = PBXGroup;
			children = (
				8BD8E1BF13695E660072EA08 /* ReadTifIntensity */,
			);
			name = Products;
			sourceTree = "<group>";
		};
		8BD8E1C213695E660072EA08 /* ReadTifIntensity */ = {
			isa = PBXGroup;
			children = (
				8BD8E292136963460072EA08 /* io_png.cpp */,
				8BD8E293136963460072EA08 /* io_png.h */,
				8BD8E1C313695E660072EA08 /* main.cpp */,
				8BD8E1C513695E660072EA08 /* ReadTifIntensity.1 */,
				8BD8E29713696C2B0072EA08 /* io_tiff.cpp */,
				8BD8E29813696C2B0072EA08 /* io_tiff.h */,
			);
			path = ReadTifIntensity;
			sourceTree = "<group>";
		};
/* End PBXGroup section */

/* Begin PBXNativeTarget section */
		8BD8E1BE13695E660072EA08 /* ReadTifIntensity */ = {
			isa = PBXNativeTarget;
			buildConfigurationList = 8BD8E1C813695E660072EA08 /* Build configuration list for PBXNativeTarget "ReadTifIntensity" */;
			buildPhases = (
				8BD8E1BB13695E660072EA08 /* Sources */,
				8BD8E1BC13695E660072EA08 /* Frameworks */,
				8BD8E1BD13695E660072EA08 /* CopyFiles */,
			);
			buildRules = (
			);
			dependencies = (
			);
			name = ReadTifIntensity;
			productName = ReadTifIntensity;
			productReference = 8BD8E1BF13695E660072EA08 /* ReadTifIntensity */;
			productType = "com.apple.product-type.tool";
		};
/* End PBXNativeTarget section */

/* Begin PBXProject section */
		8BD8E1B613695E660072EA08 /* Project object */ = {
			isa = PBXProject;
			attributes = {
				ORGANIZATIONNAME = "University Of New England";
			};
			buildConfigurationList = 8BD8E1B913695E660072EA08 /* Build configuration list for PBXProject "ReadTifIntensity" */;
			compatibilityVersion = "Xcode 3.2";
			developmentRegion = English;
			hasScannedForEncodings = 0;
			knownRegions = (
				en,
			);
			mainGroup = 8BD8E1B413695E660072EA08;
			productRefGroup = 8BD8E1C013695E660072EA08 /* Products */;
			projectDirPath = "";
			projectRoot = "";
			targets = (
				8BD8E1BE13695E660072EA08 /* ReadTifIntensity */,
			);
		};
/* End PBXProject section */

/* Begin PBXSourcesBuildPhase section */
		8BD8E1BB13695E660072EA08 /* Sources */ = {
			isa = PBXSourcesBuildPhase;
			buildActionMask = 2147483647;
			files = (
				8BD8E1C413695E660072EA08 /* main.cpp in Sources */,
				8BD8E295136963460072EA08 /* io_png.cpp in Sources */,
				8BD8E29913696C2B0072EA08 /* io_tiff.cpp in Sources */,
			);
			runOnlyForDeploymentPostprocessing = 0;
		};
/* End PBXSourcesBuildPhase section */

/* Begin XCBuildConfiguration section */
		8BD8E1C613695E660072EA08 /* Debug */ = {
			isa = XCBuildConfiguration;
			buildSettings = {
				ARCHS = "$(ARCHS_STANDARD_32_64_BIT)";
				GCC_C_LANGUAGE_STANDARD = gnu99;
				GCC_OPTIMIZATION_LEVEL = 0;
				GCC_PREPROCESSOR_DEFINITIONS = DEBUG;
				GCC_SYMBOLS_PRIVATE_EXTERN = NO;
				GCC_VERSION = com.apple.compilers.llvm.clang.1_0;
				GCC_WARN_64_TO_32_BIT_CONVERSION = YES;
				GCC_WARN_ABOUT_RETURN_TYPE = YES;
				GCC_WARN_UNUSED_VARIABLE = YES;
				MACOSX_DEPLOYMENT_TARGET = 10.6;
				ONLY_ACTIVE_ARCH = YES;
				SDKROOT = macosx;
			};
			name = Debug;
		};
		8BD8E1C713695E660072EA08 /* Release */ = {
			isa = XCBuildConfiguration;
			buildSettings = {
				ARCHS = "$(ARCHS_STANDARD_32_64_BIT)";
				GCC_C_LANGUAGE_STANDARD = gnu99;
				GCC_VERSION = com.apple.compilers.llvm.clang.1_0;
				GCC_WARN_64_TO_32_BIT_CONVERSION = YES;
				GCC_WARN_ABOUT_RETURN_TYPE = YES;
				GCC_WARN_UNUSED_VARIABLE = YES;
				MACOSX_DEPLOYMENT_TARGET = 10.6;
				SDKROOT = macosx;
			};
			name = Release;
		};
		8BD8E1C913695E660072EA08 /* Debug */ = {
			isa = XCBuildConfiguration;
			buildSettings = {
				ALWAYS_SEARCH_USER_PATHS = NO;
				COPY_PHASE_STRIP = NO;
				FRAMEWORK_SEARCH_PATHS = (
					"$(inherited)",
					"\"$(SRCROOT)\"",
				);
				GCC_DYNAMIC_NO_PIC = NO;
				GCC_ENABLE_OBJC_EXCEPTIONS = YES;
				GCC_VERSION = 4.2;
				PRODUCT_NAME = "$(TARGET_NAME)";
			};
			name = Debug;
		};
		8BD8E1CA13695E660072EA08 /* Release */ = {
			isa = XCBuildConfiguration;
			buildSettings = {
				ALWAYS_SEARCH_USER_PATHS = NO;
				COPY_PHASE_STRIP = YES;
				DEBUG_INFORMATION_FORMAT = "dwarf-with-dsym";
				FRAMEWORK_SEARCH_PATHS = (
					"$(inherited)",
					"\"$(SRCROOT)\"",
				);
				GCC_ENABLE_OBJC_EXCEPTIONS = YES;
				GCC_VERSION = 4.2;
				PRODUCT_NAME = "$(TARGET_NAME)";
			};
			name = Release;
		};
/* End XCBuildConfiguration section */

/* Begin XCConfigurationList section */
		8BD8E1B913695E660072EA08 /* Build configuration list for PBXProject "ReadTifIntensity" */ = {
			isa = XCConfigurationList;
			buildConfigurations = (
				8BD8E1C613695E660072EA08 /* Debug */,
				8BD8E1C713695E660072EA08 /* Release */,
			);
			defaultConfigurationIsVisible = 0;
			defaultConfigurationName = Release;
		};
		8BD8E1C813695E660072EA08 /* Build configuration list for PBXNativeTarget "ReadTifIntensity" */ = {
			isa = XCConfigurationList;
			buildConfigurations = (
				8BD8E1C913695E660072EA08 /* Debug */,
				8BD8E1CA13695E660072EA08 /* Release */,
			);
			defaultConfigurationIsVisible = 0;
			defaultConfigurationName = Release;
		};
/* End XCConfigurationList section */
	};
	rootObject = 8BD8E1B613695E660072EA08 /* Project object */;
}
