// !$*UTF8*$!
{
	archiveVersion = 1;
	classes = {
	};
	objectVersion = 46;
	objects = {

/* Begin PBXBuildFile section */
		8BFBE6D71373DF4D00386CF9 /* io_tiff.cpp in Sources */ = {isa = PBXBuildFile; fileRef = 8BFBE6BF1373DD4300386CF9 /* io_tiff.cpp */; };
		8BFBE6D81373DF5000386CF9 /* main.cpp in Sources */ = {isa = PBXBuildFile; fileRef = 8BFBE6C11373DD4300386CF9 /* main.cpp */; };
		8BFBE6D91373DF5500386CF9 /* io_png.cpp in Sources */ = {isa = PBXBuildFile; fileRef = 8BFBE6BD1373DD4300386CF9 /* io_png.cpp */; };
		8BFBE6DA1373DF5D00386CF9 /* UnixImageIO.framework in Frameworks */ = {isa = PBXBuildFile; fileRef = 8B3B7C0E1369774400F7CC5B /* UnixImageIO.framework */; };
/* End PBXBuildFile section */

/* Begin PBXCopyFilesBuildPhase section */
		8BFBE6CC1373DF2600386CF9 /* CopyFiles */ = {
			isa = PBXCopyFilesBuildPhase;
			buildActionMask = 2147483647;
			dstPath = /usr/share/man/man1/;
			dstSubfolderSpec = 0;
			files = (
			);
			runOnlyForDeploymentPostprocessing = 1;
		};
/* End PBXCopyFilesBuildPhase section */

/* Begin PBXFileReference section */
		8B3B7C0E1369774400F7CC5B /* UnixImageIO.framework */ = {isa = PBXFileReference; lastKnownFileType = wrapper.framework; name = UnixImageIO.framework; path = Library/Frameworks/UnixImageIO.framework; sourceTree = SDKROOT; };
		8BFBE6BD1373DD4300386CF9 /* io_png.cpp */ = {isa = PBXFileReference; fileEncoding = 4; lastKnownFileType = sourcecode.cpp.cpp; path = io_png.cpp; sourceTree = "<group>"; };
		8BFBE6BE1373DD4300386CF9 /* io_png.h */ = {isa = PBXFileReference; fileEncoding = 4; lastKnownFileType = sourcecode.c.h; path = io_png.h; sourceTree = "<group>"; };
		8BFBE6BF1373DD4300386CF9 /* io_tiff.cpp */ = {isa = PBXFileReference; fileEncoding = 4; lastKnownFileType = sourcecode.cpp.cpp; path = io_tiff.cpp; sourceTree = "<group>"; };
		8BFBE6C01373DD4300386CF9 /* io_tiff.h */ = {isa = PBXFileReference; fileEncoding = 4; lastKnownFileType = sourcecode.c.h; path = io_tiff.h; sourceTree = "<group>"; };
		8BFBE6C11373DD4300386CF9 /* main.cpp */ = {isa = PBXFileReference; fileEncoding = 4; lastKnownFileType = sourcecode.cpp.cpp; path = main.cpp; sourceTree = "<group>"; };
		8BFBE6CE1373DF2600386CF9 /* ReadTiffIntensity */ = {isa = PBXFileReference; explicitFileType = "compiled.mach-o.executable"; includeInIndex = 0; path = ReadTiffIntensity; sourceTree = BUILT_PRODUCTS_DIR; };
		8BFBE6D11373DF2600386CF9 /* main.cpp */ = {isa = PBXFileReference; lastKnownFileType = sourcecode.cpp.cpp; path = main.cpp; sourceTree = "<group>"; };
		8BFBE6D31373DF2600386CF9 /* ReadTiffIntensity.1 */ = {isa = PBXFileReference; lastKnownFileType = text.man; path = ReadTiffIntensity.1; sourceTree = "<group>"; };
/* End PBXFileReference section */

/* Begin PBXFrameworksBuildPhase section */
		8BFBE6CB1373DF2600386CF9 /* Frameworks */ = {
			isa = PBXFrameworksBuildPhase;
			buildActionMask = 2147483647;
			files = (
				8BFBE6DA1373DF5D00386CF9 /* UnixImageIO.framework in Frameworks */,
			);
			runOnlyForDeploymentPostprocessing = 0;
		};
/* End PBXFrameworksBuildPhase section */

/* Begin PBXGroup section */
		8BD8E1B413695E660072EA08 = {
			isa = PBXGroup;
			children = (
				8BFBE6D01373DF2600386CF9 /* ReadTiffIntensity */,
				8BFBE6C71373DD6300386CF9 /* Frameworks */,
				8BFBE6BC1373DD4300386CF9 /* Source */,
				8BD8E1C013695E660072EA08 /* Products */,
			);
			sourceTree = "<group>";
		};
		8BD8E1C013695E660072EA08 /* Products */ = {
			isa = PBXGroup;
			children = (
				8BFBE6CE1373DF2600386CF9 /* ReadTiffIntensity */,
			);
			name = Products;
			sourceTree = "<group>";
		};
		8BFBE6BC1373DD4300386CF9 /* Source */ = {
			isa = PBXGroup;
			children = (
				8BFBE6BD1373DD4300386CF9 /* io_png.cpp */,
				8BFBE6BF1373DD4300386CF9 /* io_tiff.cpp */,
				8BFBE6C11373DD4300386CF9 /* main.cpp */,
				8BFBE6BE1373DD4300386CF9 /* io_png.h */,
				8BFBE6C01373DD4300386CF9 /* io_tiff.h */,
			);
			path = Source;
			sourceTree = "<group>";
		};
		8BFBE6C71373DD6300386CF9 /* Frameworks */ = {
			isa = PBXGroup;
			children = (
				8B3B7C0E1369774400F7CC5B /* UnixImageIO.framework */,
			);
			name = Frameworks;
			sourceTree = "<group>";
		};
		8BFBE6D01373DF2600386CF9 /* ReadTiffIntensity */ = {
			isa = PBXGroup;
			children = (
				8BFBE6D11373DF2600386CF9 /* main.cpp */,
				8BFBE6D31373DF2600386CF9 /* ReadTiffIntensity.1 */,
			);
			path = ReadTiffIntensity;
			sourceTree = "<group>";
		};
/* End PBXGroup section */

/* Begin PBXNativeTarget section */
		8BFBE6CD1373DF2600386CF9 /* ReadTiffIntensity */ = {
			isa = PBXNativeTarget;
			buildConfigurationList = 8BFBE6D41373DF2600386CF9 /* Build configuration list for PBXNativeTarget "ReadTiffIntensity" */;
			buildPhases = (
				8BFBE6CA1373DF2600386CF9 /* Sources */,
				8BFBE6CB1373DF2600386CF9 /* Frameworks */,
				8BFBE6CC1373DF2600386CF9 /* CopyFiles */,
			);
			buildRules = (
			);
			dependencies = (
			);
			name = ReadTiffIntensity;
			productName = ReadTiffIntensity;
			productReference = 8BFBE6CE1373DF2600386CF9 /* ReadTiffIntensity */;
			productType = "com.apple.product-type.tool";
		};
/* End PBXNativeTarget section */

/* Begin PBXProject section */
		8BD8E1B613695E660072EA08 /* Project object */ = {
			isa = PBXProject;
			attributes = {
				ORGANIZATIONNAME = "University Of New England";
			};
			buildConfigurationList = 8BD8E1B913695E660072EA08 /* Build configuration list for PBXProject "ReadTiffIntensity" */;
			compatibilityVersion = "Xcode 3.2";
			developmentRegion = English;
			hasScannedForEncodings = 0;
			knownRegions = (
				en,
			);
			mainGroup = 8BD8E1B413695E660072EA08;
			productRefGroup = 8BD8E1C013695E660072EA08 /* Products */;
			projectDirPath = "";
			projectRoot = "";
			targets = (
				8BFBE6CD1373DF2600386CF9 /* ReadTiffIntensity */,
			);
		};
/* End PBXProject section */

/* Begin PBXSourcesBuildPhase section */
		8BFBE6CA1373DF2600386CF9 /* Sources */ = {
			isa = PBXSourcesBuildPhase;
			buildActionMask = 2147483647;
			files = (
				8BFBE6D71373DF4D00386CF9 /* io_tiff.cpp in Sources */,
				8BFBE6D81373DF5000386CF9 /* main.cpp in Sources */,
				8BFBE6D91373DF5500386CF9 /* io_png.cpp in Sources */,
			);
			runOnlyForDeploymentPostprocessing = 0;
		};
/* End PBXSourcesBuildPhase section */

/* Begin XCBuildConfiguration section */
		8BD8E1C613695E660072EA08 /* Debug */ = {
			isa = XCBuildConfiguration;
			buildSettings = {
				ARCHS = "$(ARCHS_STANDARD_32_64_BIT)";
				GCC_C_LANGUAGE_STANDARD = gnu99;
				GCC_OPTIMIZATION_LEVEL = 0;
				GCC_PREPROCESSOR_DEFINITIONS = DEBUG;
				GCC_SYMBOLS_PRIVATE_EXTERN = NO;
				GCC_VERSION = com.apple.compilers.llvm.clang.1_0;
				GCC_WARN_64_TO_32_BIT_CONVERSION = YES;
				GCC_WARN_ABOUT_RETURN_TYPE = YES;
				GCC_WARN_UNUSED_VARIABLE = YES;
				MACOSX_DEPLOYMENT_TARGET = 10.6;
				ONLY_ACTIVE_ARCH = YES;
				SDKROOT = macosx;
			};
			name = Debug;
		};
		8BD8E1C713695E660072EA08 /* Release */ = {
			isa = XCBuildConfiguration;
			buildSettings = {
				ARCHS = "$(ARCHS_STANDARD_32_64_BIT)";
				GCC_C_LANGUAGE_STANDARD = gnu99;
				GCC_VERSION = com.apple.compilers.llvm.clang.1_0;
				GCC_WARN_64_TO_32_BIT_CONVERSION = YES;
				GCC_WARN_ABOUT_RETURN_TYPE = YES;
				GCC_WARN_UNUSED_VARIABLE = YES;
				MACOSX_DEPLOYMENT_TARGET = 10.6;
				SDKROOT = macosx;
			};
			name = Release;
		};
		8BFBE6D51373DF2600386CF9 /* Debug */ = {
			isa = XCBuildConfiguration;
			buildSettings = {
				ALWAYS_SEARCH_USER_PATHS = NO;
				COPY_PHASE_STRIP = NO;
				GCC_DYNAMIC_NO_PIC = NO;
				GCC_ENABLE_OBJC_EXCEPTIONS = YES;
				PRODUCT_NAME = "$(TARGET_NAME)";
			};
			name = Debug;
		};
		8BFBE6D61373DF2600386CF9 /* Release */ = {
			isa = XCBuildConfiguration;
			buildSettings = {
				ALWAYS_SEARCH_USER_PATHS = NO;
				COPY_PHASE_STRIP = YES;
				DEBUG_INFORMATION_FORMAT = "dwarf-with-dsym";
				GCC_ENABLE_OBJC_EXCEPTIONS = YES;
				PRODUCT_NAME = "$(TARGET_NAME)";
			};
			name = Release;
		};
/* End XCBuildConfiguration section */

/* Begin XCConfigurationList section */
		8BD8E1B913695E660072EA08 /* Build configuration list for PBXProject "ReadTiffIntensity" */ = {
			isa = XCConfigurationList;
			buildConfigurations = (
				8BD8E1C613695E660072EA08 /* Debug */,
				8BD8E1C713695E660072EA08 /* Release */,
			);
			defaultConfigurationIsVisible = 0;
			defaultConfigurationName = Release;
		};
		8BFBE6D41373DF2600386CF9 /* Build configuration list for PBXNativeTarget "ReadTiffIntensity" */ = {
			isa = XCConfigurationList;
			buildConfigurations = (
				8BFBE6D51373DF2600386CF9 /* Debug */,
				8BFBE6D61373DF2600386CF9 /* Release */,
			);
			defaultConfigurationIsVisible = 0;
		};
/* End XCConfigurationList section */
	};
	rootObject = 8BD8E1B613695E660072EA08 /* Project object */;
}
